{
  "name": "crowdsourcing_mosquitoes",
  "version": "1.0.0",
  "lockfileVersion": 1,
  "requires": true,
  "dependencies": {
    "angular": {
      "version": "1.7.4",
      "resolved": "https://registry.npmjs.org/angular/-/angular-1.7.4.tgz",
      "integrity": "sha512-nYTWc9CpZjTY57l8EA1+DGpQNzI6HewQ34bfRYoGXBYysIoPYjfcgTGWC+Vl3AaeCnhAb3VTkysVESvCBpUIoA=="
    },
    "angular-google-maps": {
      "version": "2.4.1",
      "resolved": "https://registry.npmjs.org/angular-google-maps/-/angular-google-maps-2.4.1.tgz",
      "integrity": "sha1-oEefOpnNppC3LfU2zxx30R4Y7iM=",
      "requires": {
        "angular": "1.2 - 1.6",
        "angular-simple-logger": ">=0.0.1",
        "google-maps-utility-library-v3-infobox": "1.1.14",
        "google-maps-utility-library-v3-keydragzoom": "2.0.9",
        "google-maps-utility-library-v3-markerwithlabel": "git://github.com/nmccready/google-maps-utility-library-v3-markerwithlabel.git#1e1ae841596ce41fb5cfaff301477393c5621d3d",
        "js-rich-marker": "git://github.com/MikaFima/js-rich-marker.git#0383f4bbdad4ddf154772fedbdd27e464600e943",
        "lodash": "3.X - 4.X",
        "markerclustererplus": "2.1.4"
      },
      "dependencies": {
        "angular": {
          "version": "1.6.10",
          "resolved": "https://registry.npmjs.org/angular/-/angular-1.6.10.tgz",
          "integrity": "sha512-PCZ5/hVdvPQiYyH0VwsPjrErPHRcITnaXxhksceOXgtJeesKHLA7KDu4X/yvcAi+1zdGgGF+9pDxkJvghXI9Wg=="
        }
      }
    },
    "angular-simple-logger": {
      "version": "0.1.7",
      "resolved": "https://registry.npmjs.org/angular-simple-logger/-/angular-simple-logger-0.1.7.tgz",
      "integrity": "sha1-SuSOXqwJc/V3hFkY5W1JM89m8EE=",
      "requires": {
        "angular": "^1.2",
        "debug": "^2.2.0"
      }
    },
    "bootstrap": {
      "version": "4.1.3",
      "resolved": "https://registry.npmjs.org/bootstrap/-/bootstrap-4.1.3.tgz",
      "integrity": "sha512-rDFIzgXcof0jDyjNosjv4Sno77X4KuPeFxG2XZZv1/Kc8DRVGVADdoQyyOVDwPqL36DDmtCQbrpMCqvpPLJQ0w=="
    },
    "bootstrap-imageupload": {
      "version": "1.1.3",
      "resolved": "https://registry.npmjs.org/bootstrap-imageupload/-/bootstrap-imageupload-1.1.3.tgz",
      "integrity": "sha1-qe48TOjc3zigGfchDloerb1jr44="
    },
    "coffee-script": {
      "version": "1.10.0",
      "resolved": "https://registry.npmjs.org/coffee-script/-/coffee-script-1.10.0.tgz",
      "integrity": "sha1-EpOLz5vhlI+gBvkuDEyegXBRCMA="
    },
    "debug": {
      "version": "2.6.9",
      "resolved": "https://registry.npmjs.org/debug/-/debug-2.6.9.tgz",
      "integrity": "sha512-bC7ElrdJaJnPbAP+1EotYvqZsb3ecl5wi6Bfi6BJTUcNowp6cvspg0jXznRTKDjm/E7AdgFBVeAPVMNcKGsHMA==",
      "requires": {
        "ms": "2.0.0"
      }
    },
    "gmap": {
      "version": "1.0.1",
      "resolved": "https://registry.npmjs.org/gmap/-/gmap-1.0.1.tgz",
      "integrity": "sha1-8pwvW9BwVGvIQ2gEPX+XbxtQpwQ="
    },
    "google-maps-utility-library-v3-infobox": {
      "version": "1.1.14",
      "resolved": "https://registry.npmjs.org/google-maps-utility-library-v3-infobox/-/google-maps-utility-library-v3-infobox-1.1.14.tgz",
      "integrity": "sha1-aciIzvi/+GnDInXjQT2QzAk5KRQ=",
      "requires": {
        "coffee-script": "1.10.0"
      }
    },
    "google-maps-utility-library-v3-keydragzoom": {
      "version": "2.0.9",
      "resolved": "https://registry.npmjs.org/google-maps-utility-library-v3-keydragzoom/-/google-maps-utility-library-v3-keydragzoom-2.0.9.tgz",
      "integrity": "sha1-LfoF/tKXbYL8HMOfzGF1wB7AZHc=",
      "requires": {
        "coffee-script": "1.10.0"
      }
    },
    "google-maps-utility-library-v3-markerwithlabel": {
      "version": "git://github.com/nmccready/google-maps-utility-library-v3-markerwithlabel.git#1e1ae841596ce41fb5cfaff301477393c5621d3d",
      "from": "git://github.com/nmccready/google-maps-utility-library-v3-markerwithlabel.git"
    },
    "js-rich-marker": {
      "version": "git://github.com/MikaFima/js-rich-marker.git#0383f4bbdad4ddf154772fedbdd27e464600e943",
      "from": "git://github.com/MikaFima/js-rich-marker.git#0383f4bbdad4ddf154772fedbdd27e464600e943"
    },
    "lodash": {
      "version": "4.17.11",
      "resolved": "https://registry.npmjs.org/lodash/-/lodash-4.17.11.tgz",
      "integrity": "sha512-cQKh8igo5QUhZ7lg38DYWAxMvjSAKG0A8wGSVimP07SIUEK2UO+arSRKbRZWtelMtN5V0Hkwh5ryOto/SshYIg=="
    },
    "markerclustererplus": {
      "version": "2.1.4",
      "resolved": "https://registry.npmjs.org/markerclustererplus/-/markerclustererplus-2.1.4.tgz",
      "integrity": "sha1-kBIlGA3V1fwIJ3U6GO7jWvz5xPc="
    },
    "ms": {
      "version": "2.0.0",
      "resolved": "https://registry.npmjs.org/ms/-/ms-2.0.0.tgz",
      "integrity": "sha1-VgiurfwAvmwpAd9fmGF4jeDVl8g="
    }
  }
}
